// !$*UTF8*$!
{
	archiveVersion = 1;
	classes = {
	};
	objectVersion = 56;
	objects = {

/* Begin PBXBuildFile section */
		0D5F5E532A2BAC4A00D61A2C /* Alarm_CoreData_CKApp.swift in Sources */ = {isa = PBXBuildFile; fileRef = 0D5F5E522A2BAC4A00D61A2C /* Alarm_CoreData_CKApp.swift */; };
		0D5F5E572A2BAC4B00D61A2C /* Assets.xcassets in Resources */ = {isa = PBXBuildFile; fileRef = 0D5F5E562A2BAC4B00D61A2C /* Assets.xcassets */; };
		0D5F5E5A2A2BAC4B00D61A2C /* Preview Assets.xcassets in Resources */ = {isa = PBXBuildFile; fileRef = 0D5F5E592A2BAC4B00D61A2C /* Preview Assets.xcassets */; };
		0D5F5E662A2BAF6000D61A2C /* AlarmDataModel.xcdatamodeld in Sources */ = {isa = PBXBuildFile; fileRef = 0D5F5E642A2BAF6000D61A2C /* AlarmDataModel.xcdatamodeld */; };
		0D5F5E682A2BBF6F00D61A2C /* Alarm+Ext.swift in Sources */ = {isa = PBXBuildFile; fileRef = 0D5F5E672A2BBF6F00D61A2C /* Alarm+Ext.swift */; };
		0D5F5E6C2A2BDD0300D61A2C /* AlarmListView.swift in Sources */ = {isa = PBXBuildFile; fileRef = 0D5F5E6B2A2BDD0300D61A2C /* AlarmListView.swift */; };
		0D5F5E6E2A2BDDBB00D61A2C /* AlarmContainer.swift in Sources */ = {isa = PBXBuildFile; fileRef = 0D5F5E6D2A2BDDBB00D61A2C /* AlarmContainer.swift */; };
		0D5F5E732A2D157C00D61A2C /* FormType.swift in Sources */ = {isa = PBXBuildFile; fileRef = 0D5F5E722A2D157C00D61A2C /* FormType.swift */; };
		0D5F5E752A2D158B00D61A2C /* AlarmFormView.swift in Sources */ = {isa = PBXBuildFile; fileRef = 0D5F5E742A2D158B00D61A2C /* AlarmFormView.swift */; };
		0D5F5E772A2D15A700D61A2C /* AlarmFormViewModel.swift in Sources */ = {isa = PBXBuildFile; fileRef = 0D5F5E762A2D15A700D61A2C /* AlarmFormViewModel.swift */; };
		0D5F5E7F2A2D1C9C00D61A2C /* doorbell.mp3 in Resources */ = {isa = PBXBuildFile; fileRef = 0D5F5E7A2A2D1C9C00D61A2C /* doorbell.mp3 */; };
		0D5F5E802A2D1C9C00D61A2C /* correct_bell.mp3 in Resources */ = {isa = PBXBuildFile; fileRef = 0D5F5E7B2A2D1C9C00D61A2C /* correct_bell.mp3 */; };
		0D5F5E812A2D1C9C00D61A2C /* chime.mp3 in Resources */ = {isa = PBXBuildFile; fileRef = 0D5F5E7C2A2D1C9C00D61A2C /* chime.mp3 */; };
		0D5F5E822A2D1C9C00D61A2C /* goat_bell.mp3 in Resources */ = {isa = PBXBuildFile; fileRef = 0D5F5E7D2A2D1C9C00D61A2C /* goat_bell.mp3 */; };
		0D5F5E832A2D1C9C00D61A2C /* shop_door.mp3 in Resources */ = {isa = PBXBuildFile; fileRef = 0D5F5E7E2A2D1C9C00D61A2C /* shop_door.mp3 */; };
		0DF3F1042A2E5BF700250858 /* TimePicker.swift in Sources */ = {isa = PBXBuildFile; fileRef = 0DF3F1032A2E5BF700250858 /* TimePicker.swift */; };
		0DF3F1072A2E7BDE00250858 /* SoundCell.swift in Sources */ = {isa = PBXBuildFile; fileRef = 0DF3F1062A2E7BDE00250858 /* SoundCell.swift */; };
		0DF3F10A2A2F857700250858 /* Helpers.swift in Sources */ = {isa = PBXBuildFile; fileRef = 0DF3F1092A2F857700250858 /* Helpers.swift */; };
		0DF3F11D2A2F918800250858 /* Weekday+CoreDataClass.swift in Sources */ = {isa = PBXBuildFile; fileRef = 0DF3F1172A2F918800250858 /* Weekday+CoreDataClass.swift */; };
		0DF3F11E2A2F918800250858 /* Weekday+CoreDataProperties.swift in Sources */ = {isa = PBXBuildFile; fileRef = 0DF3F1182A2F918800250858 /* Weekday+CoreDataProperties.swift */; };
		0DF3F11F2A2F918800250858 /* AlarmSchedule+CoreDataClass.swift in Sources */ = {isa = PBXBuildFile; fileRef = 0DF3F1192A2F918800250858 /* AlarmSchedule+CoreDataClass.swift */; };
		0DF3F1202A2F918800250858 /* AlarmSchedule+CoreDataProperties.swift in Sources */ = {isa = PBXBuildFile; fileRef = 0DF3F11A2A2F918800250858 /* AlarmSchedule+CoreDataProperties.swift */; };
		0DF3F1212A2F918800250858 /* Alarm+CoreDataClass.swift in Sources */ = {isa = PBXBuildFile; fileRef = 0DF3F11B2A2F918800250858 /* Alarm+CoreDataClass.swift */; };
		0DF3F1222A2F918800250858 /* Alarm+CoreDataProperties.swift in Sources */ = {isa = PBXBuildFile; fileRef = 0DF3F11C2A2F918800250858 /* Alarm+CoreDataProperties.swift */; };
		0DF3F1242A2FA5C500250858 /* PlaySound.swift in Sources */ = {isa = PBXBuildFile; fileRef = 0DF3F1232A2FA5C500250858 /* PlaySound.swift */; };
		0DF3F1262A30ECBE00250858 /* NotificationDelegate.swift in Sources */ = {isa = PBXBuildFile; fileRef = 0DF3F1252A30ECBE00250858 /* NotificationDelegate.swift */; };
		0DF3F1292A30EF1800250858 /* NotificationHelper.swift in Sources */ = {isa = PBXBuildFile; fileRef = 0DF3F1282A30EF1800250858 /* NotificationHelper.swift */; };
		0DF3F12F2A32389700250858 /* Keys.swift in Sources */ = {isa = PBXBuildFile; fileRef = 0DF3F12E2A32389700250858 /* Keys.swift */; };
		0DF3F1332A363E6100250858 /* 40_hz.mp3 in Resources */ = {isa = PBXBuildFile; fileRef = 0DF3F1322A363E6100250858 /* 40_hz.mp3 */; };
/* End PBXBuildFile section */

/* Begin PBXFileReference section */
		0D5F5E4F2A2BAC4A00D61A2C /* Alarm-CoreData-CK.app */ = {isa = PBXFileReference; explicitFileType = wrapper.application; includeInIndex = 0; path = "Alarm-CoreData-CK.app"; sourceTree = BUILT_PRODUCTS_DIR; };
		0D5F5E522A2BAC4A00D61A2C /* Alarm_CoreData_CKApp.swift */ = {isa = PBXFileReference; lastKnownFileType = sourcecode.swift; path = Alarm_CoreData_CKApp.swift; sourceTree = "<group>"; };
		0D5F5E562A2BAC4B00D61A2C /* Assets.xcassets */ = {isa = PBXFileReference; lastKnownFileType = folder.assetcatalog; path = Assets.xcassets; sourceTree = "<group>"; };
		0D5F5E592A2BAC4B00D61A2C /* Preview Assets.xcassets */ = {isa = PBXFileReference; lastKnownFileType = folder.assetcatalog; path = "Preview Assets.xcassets"; sourceTree = "<group>"; };
		0D5F5E652A2BAF6000D61A2C /* AlarmDataModel.xcdatamodel */ = {isa = PBXFileReference; lastKnownFileType = wrapper.xcdatamodel; path = AlarmDataModel.xcdatamodel; sourceTree = "<group>"; };
		0D5F5E672A2BBF6F00D61A2C /* Alarm+Ext.swift */ = {isa = PBXFileReference; lastKnownFileType = sourcecode.swift; path = "Alarm+Ext.swift"; sourceTree = "<group>"; };
		0D5F5E6B2A2BDD0300D61A2C /* AlarmListView.swift */ = {isa = PBXFileReference; lastKnownFileType = sourcecode.swift; path = AlarmListView.swift; sourceTree = "<group>"; };
		0D5F5E6D2A2BDDBB00D61A2C /* AlarmContainer.swift */ = {isa = PBXFileReference; lastKnownFileType = sourcecode.swift; path = AlarmContainer.swift; sourceTree = "<group>"; };
		0D5F5E722A2D157C00D61A2C /* FormType.swift */ = {isa = PBXFileReference; lastKnownFileType = sourcecode.swift; path = FormType.swift; sourceTree = "<group>"; };
		0D5F5E742A2D158B00D61A2C /* AlarmFormView.swift */ = {isa = PBXFileReference; lastKnownFileType = sourcecode.swift; path = AlarmFormView.swift; sourceTree = "<group>"; };
		0D5F5E762A2D15A700D61A2C /* AlarmFormViewModel.swift */ = {isa = PBXFileReference; lastKnownFileType = sourcecode.swift; path = AlarmFormViewModel.swift; sourceTree = "<group>"; };
		0D5F5E7A2A2D1C9C00D61A2C /* doorbell.mp3 */ = {isa = PBXFileReference; lastKnownFileType = audio.mp3; path = doorbell.mp3; sourceTree = "<group>"; };
		0D5F5E7B2A2D1C9C00D61A2C /* correct_bell.mp3 */ = {isa = PBXFileReference; lastKnownFileType = audio.mp3; path = correct_bell.mp3; sourceTree = "<group>"; };
		0D5F5E7C2A2D1C9C00D61A2C /* chime.mp3 */ = {isa = PBXFileReference; lastKnownFileType = audio.mp3; path = chime.mp3; sourceTree = "<group>"; };
		0D5F5E7D2A2D1C9C00D61A2C /* goat_bell.mp3 */ = {isa = PBXFileReference; lastKnownFileType = audio.mp3; path = goat_bell.mp3; sourceTree = "<group>"; };
		0D5F5E7E2A2D1C9C00D61A2C /* shop_door.mp3 */ = {isa = PBXFileReference; lastKnownFileType = audio.mp3; path = shop_door.mp3; sourceTree = "<group>"; };
		0DF3F1032A2E5BF700250858 /* TimePicker.swift */ = {isa = PBXFileReference; lastKnownFileType = sourcecode.swift; path = TimePicker.swift; sourceTree = "<group>"; };
		0DF3F1062A2E7BDE00250858 /* SoundCell.swift */ = {isa = PBXFileReference; lastKnownFileType = sourcecode.swift; path = SoundCell.swift; sourceTree = "<group>"; };
		0DF3F1092A2F857700250858 /* Helpers.swift */ = {isa = PBXFileReference; lastKnownFileType = sourcecode.swift; path = Helpers.swift; sourceTree = "<group>"; };
		0DF3F1172A2F918800250858 /* Weekday+CoreDataClass.swift */ = {isa = PBXFileReference; lastKnownFileType = sourcecode.swift; path = "Weekday+CoreDataClass.swift"; sourceTree = "<group>"; };
		0DF3F1182A2F918800250858 /* Weekday+CoreDataProperties.swift */ = {isa = PBXFileReference; lastKnownFileType = sourcecode.swift; path = "Weekday+CoreDataProperties.swift"; sourceTree = "<group>"; };
		0DF3F1192A2F918800250858 /* AlarmSchedule+CoreDataClass.swift */ = {isa = PBXFileReference; lastKnownFileType = sourcecode.swift; path = "AlarmSchedule+CoreDataClass.swift"; sourceTree = "<group>"; };
		0DF3F11A2A2F918800250858 /* AlarmSchedule+CoreDataProperties.swift */ = {isa = PBXFileReference; lastKnownFileType = sourcecode.swift; path = "AlarmSchedule+CoreDataProperties.swift"; sourceTree = "<group>"; };
		0DF3F11B2A2F918800250858 /* Alarm+CoreDataClass.swift */ = {isa = PBXFileReference; lastKnownFileType = sourcecode.swift; path = "Alarm+CoreDataClass.swift"; sourceTree = "<group>"; };
		0DF3F11C2A2F918800250858 /* Alarm+CoreDataProperties.swift */ = {isa = PBXFileReference; lastKnownFileType = sourcecode.swift; path = "Alarm+CoreDataProperties.swift"; sourceTree = "<group>"; };
		0DF3F1232A2FA5C500250858 /* PlaySound.swift */ = {isa = PBXFileReference; lastKnownFileType = sourcecode.swift; path = PlaySound.swift; sourceTree = "<group>"; };
		0DF3F1252A30ECBE00250858 /* NotificationDelegate.swift */ = {isa = PBXFileReference; lastKnownFileType = sourcecode.swift; path = NotificationDelegate.swift; sourceTree = "<group>"; };
		0DF3F1272A30EEC900250858 /* Info.plist */ = {isa = PBXFileReference; lastKnownFileType = text.plist; path = Info.plist; sourceTree = "<group>"; };
		0DF3F1282A30EF1800250858 /* NotificationHelper.swift */ = {isa = PBXFileReference; lastKnownFileType = sourcecode.swift; path = NotificationHelper.swift; sourceTree = "<group>"; };
		0DF3F12E2A32389700250858 /* Keys.swift */ = {isa = PBXFileReference; lastKnownFileType = sourcecode.swift; path = Keys.swift; sourceTree = "<group>"; };
		0DF3F1322A363E6100250858 /* 40_hz.mp3 */ = {isa = PBXFileReference; lastKnownFileType = audio.mp3; path = 40_hz.mp3; sourceTree = "<group>"; };
/* End PBXFileReference section */

/* Begin PBXFrameworksBuildPhase section */
		0D5F5E4C2A2BAC4A00D61A2C /* Frameworks */ = {
			isa = PBXFrameworksBuildPhase;
			buildActionMask = 2147483647;
			files = (
			);
			runOnlyForDeploymentPostprocessing = 0;
		};
/* End PBXFrameworksBuildPhase section */

/* Begin PBXGroup section */
		0D5F5E462A2BAC4A00D61A2C = {
			isa = PBXGroup;
			children = (
				0D5F5E512A2BAC4A00D61A2C /* Alarm-CoreData-CK */,
				0D5F5E502A2BAC4A00D61A2C /* Products */,
			);
			sourceTree = "<group>";
		};
		0D5F5E502A2BAC4A00D61A2C /* Products */ = {
			isa = PBXGroup;
			children = (
				0D5F5E4F2A2BAC4A00D61A2C /* Alarm-CoreData-CK.app */,
			);
			name = Products;
			sourceTree = "<group>";
		};
		0D5F5E512A2BAC4A00D61A2C /* Alarm-CoreData-CK */ = {
			isa = PBXGroup;
			children = (
				0DF3F1272A30EEC900250858 /* Info.plist */,
				0DF3F1082A2F856900250858 /* Helpers */,
				0DF3F1012A2E5BE700250858 /* Views */,
				0D5F5E792A2D1C8600D61A2C /* Sounds */,
				0D5F5E6A2A2BDCF400D61A2C /* Screens */,
				0D5F5E632A2BAF3000D61A2C /* CoreData */,
				0D5F5E522A2BAC4A00D61A2C /* Alarm_CoreData_CKApp.swift */,
				0D5F5E562A2BAC4B00D61A2C /* Assets.xcassets */,
				0D5F5E582A2BAC4B00D61A2C /* Preview Content */,
				0DF3F12E2A32389700250858 /* Keys.swift */,
			);
			path = "Alarm-CoreData-CK";
			sourceTree = "<group>";
		};
		0D5F5E582A2BAC4B00D61A2C /* Preview Content */ = {
			isa = PBXGroup;
			children = (
				0D5F5E592A2BAC4B00D61A2C /* Preview Assets.xcassets */,
			);
			path = "Preview Content";
			sourceTree = "<group>";
		};
		0D5F5E632A2BAF3000D61A2C /* CoreData */ = {
			isa = PBXGroup;
			children = (
				0DF3F0F02A2E4C1F00250858 /* Model */,
				0D5F5E642A2BAF6000D61A2C /* AlarmDataModel.xcdatamodeld */,
				0D5F5E6D2A2BDDBB00D61A2C /* AlarmContainer.swift */,
			);
			path = CoreData;
			sourceTree = "<group>";
		};
		0D5F5E692A2BDCEC00D61A2C /* AlarmListView */ = {
			isa = PBXGroup;
			children = (
				0D5F5E6B2A2BDD0300D61A2C /* AlarmListView.swift */,
			);
			path = AlarmListView;
			sourceTree = "<group>";
		};
		0D5F5E6A2A2BDCF400D61A2C /* Screens */ = {
			isa = PBXGroup;
			children = (
				0D5F5E6F2A2D11C900D61A2C /* AlarmFormView */,
				0D5F5E692A2BDCEC00D61A2C /* AlarmListView */,
			);
			path = Screens;
			sourceTree = "<group>";
		};
		0D5F5E6F2A2D11C900D61A2C /* AlarmFormView */ = {
			isa = PBXGroup;
			children = (
				0D5F5E722A2D157C00D61A2C /* FormType.swift */,
				0D5F5E742A2D158B00D61A2C /* AlarmFormView.swift */,
				0D5F5E762A2D15A700D61A2C /* AlarmFormViewModel.swift */,
			);
			path = AlarmFormView;
			sourceTree = "<group>";
		};
		0D5F5E792A2D1C8600D61A2C /* Sounds */ = {
			isa = PBXGroup;
			children = (
				0DF3F1322A363E6100250858 /* 40_hz.mp3 */,
				0D5F5E7C2A2D1C9C00D61A2C /* chime.mp3 */,
				0D5F5E7B2A2D1C9C00D61A2C /* correct_bell.mp3 */,
				0D5F5E7A2A2D1C9C00D61A2C /* doorbell.mp3 */,
				0D5F5E7D2A2D1C9C00D61A2C /* goat_bell.mp3 */,
				0D5F5E7E2A2D1C9C00D61A2C /* shop_door.mp3 */,
			);
			path = Sounds;
			sourceTree = "<group>";
		};
		0DF3F0F02A2E4C1F00250858 /* Model */ = {
			isa = PBXGroup;
			children = (
				0DF3F1172A2F918800250858 /* Weekday+CoreDataClass.swift */,
				0DF3F1182A2F918800250858 /* Weekday+CoreDataProperties.swift */,
				0DF3F1192A2F918800250858 /* AlarmSchedule+CoreDataClass.swift */,
				0DF3F11A2A2F918800250858 /* AlarmSchedule+CoreDataProperties.swift */,
				0DF3F11B2A2F918800250858 /* Alarm+CoreDataClass.swift */,
				0DF3F11C2A2F918800250858 /* Alarm+CoreDataProperties.swift */,
				0D5F5E672A2BBF6F00D61A2C /* Alarm+Ext.swift */,
			);
			path = Model;
			sourceTree = "<group>";
		};
		0DF3F1012A2E5BE700250858 /* Views */ = {
			isa = PBXGroup;
			children = (
				0DF3F1052A2E7BD600250858 /* Cells */,
				0DF3F1022A2E5BEE00250858 /* Pickers */,
			);
			path = Views;
			sourceTree = "<group>";
		};
		0DF3F1022A2E5BEE00250858 /* Pickers */ = {
			isa = PBXGroup;
			children = (
				0DF3F1032A2E5BF700250858 /* TimePicker.swift */,
			);
			path = Pickers;
			sourceTree = "<group>";
		};
		0DF3F1052A2E7BD600250858 /* Cells */ = {
			isa = PBXGroup;
			children = (
				0DF3F1062A2E7BDE00250858 /* SoundCell.swift */,
			);
			path = Cells;
			sourceTree = "<group>";
		};
		0DF3F1082A2F856900250858 /* Helpers */ = {
			isa = PBXGroup;
			children = (
				0DF3F1092A2F857700250858 /* Helpers.swift */,
				0DF3F1232A2FA5C500250858 /* PlaySound.swift */,
				0DF3F1252A30ECBE00250858 /* NotificationDelegate.swift */,
				0DF3F1282A30EF1800250858 /* NotificationHelper.swift */,
			);
			path = Helpers;
			sourceTree = "<group>";
		};
/* End PBXGroup section */

/* Begin PBXNativeTarget section */
		0D5F5E4E2A2BAC4A00D61A2C /* Alarm-CoreData-CK */ = {
			isa = PBXNativeTarget;
			buildConfigurationList = 0D5F5E5D2A2BAC4C00D61A2C /* Build configuration list for PBXNativeTarget "Alarm-CoreData-CK" */;
			buildPhases = (
				0D5F5E4B2A2BAC4A00D61A2C /* Sources */,
				0D5F5E4C2A2BAC4A00D61A2C /* Frameworks */,
				0D5F5E4D2A2BAC4A00D61A2C /* Resources */,
			);
			buildRules = (
			);
			dependencies = (
			);
			name = "Alarm-CoreData-CK";
			productName = "Alarm-CoreData-CK";
			productReference = 0D5F5E4F2A2BAC4A00D61A2C /* Alarm-CoreData-CK.app */;
			productType = "com.apple.product-type.application";
		};
/* End PBXNativeTarget section */

/* Begin PBXProject section */
		0D5F5E472A2BAC4A00D61A2C /* Project object */ = {
			isa = PBXProject;
			attributes = {
				BuildIndependentTargetsInParallel = 1;
				LastSwiftUpdateCheck = 1430;
				LastUpgradeCheck = 1430;
				TargetAttributes = {
					0D5F5E4E2A2BAC4A00D61A2C = {
						CreatedOnToolsVersion = 14.3;
					};
				};
			};
			buildConfigurationList = 0D5F5E4A2A2BAC4A00D61A2C /* Build configuration list for PBXProject "Alarm-CoreData-CK" */;
			compatibilityVersion = "Xcode 14.0";
			developmentRegion = en;
			hasScannedForEncodings = 0;
			knownRegions = (
				en,
				Base,
			);
			mainGroup = 0D5F5E462A2BAC4A00D61A2C;
			productRefGroup = 0D5F5E502A2BAC4A00D61A2C /* Products */;
			projectDirPath = "";
			projectRoot = "";
			targets = (
				0D5F5E4E2A2BAC4A00D61A2C /* Alarm-CoreData-CK */,
			);
		};
/* End PBXProject section */

/* Begin PBXResourcesBuildPhase section */
		0D5F5E4D2A2BAC4A00D61A2C /* Resources */ = {
			isa = PBXResourcesBuildPhase;
			buildActionMask = 2147483647;
			files = (
				0D5F5E5A2A2BAC4B00D61A2C /* Preview Assets.xcassets in Resources */,
				0D5F5E572A2BAC4B00D61A2C /* Assets.xcassets in Resources */,
				0DF3F1332A363E6100250858 /* 40_hz.mp3 in Resources */,
				0D5F5E832A2D1C9C00D61A2C /* shop_door.mp3 in Resources */,
				0D5F5E802A2D1C9C00D61A2C /* correct_bell.mp3 in Resources */,
				0D5F5E812A2D1C9C00D61A2C /* chime.mp3 in Resources */,
				0D5F5E822A2D1C9C00D61A2C /* goat_bell.mp3 in Resources */,
				0D5F5E7F2A2D1C9C00D61A2C /* doorbell.mp3 in Resources */,
			);
			runOnlyForDeploymentPostprocessing = 0;
		};
/* End PBXResourcesBuildPhase section */

/* Begin PBXSourcesBuildPhase section */
		0D5F5E4B2A2BAC4A00D61A2C /* Sources */ = {
			isa = PBXSourcesBuildPhase;
			buildActionMask = 2147483647;
			files = (
				0D5F5E772A2D15A700D61A2C /* AlarmFormViewModel.swift in Sources */,
				0DF3F1242A2FA5C500250858 /* PlaySound.swift in Sources */,
				0DF3F1072A2E7BDE00250858 /* SoundCell.swift in Sources */,
				0D5F5E6E2A2BDDBB00D61A2C /* AlarmContainer.swift in Sources */,
				0DF3F12F2A32389700250858 /* Keys.swift in Sources */,
				0DF3F1262A30ECBE00250858 /* NotificationDelegate.swift in Sources */,
				0D5F5E752A2D158B00D61A2C /* AlarmFormView.swift in Sources */,
				0DF3F1292A30EF1800250858 /* NotificationHelper.swift in Sources */,
				0DF3F11F2A2F918800250858 /* AlarmSchedule+CoreDataClass.swift in Sources */,
				0DF3F1212A2F918800250858 /* Alarm+CoreDataClass.swift in Sources */,
				0DF3F11D2A2F918800250858 /* Weekday+CoreDataClass.swift in Sources */,
				0D5F5E6C2A2BDD0300D61A2C /* AlarmListView.swift in Sources */,
				0DF3F1222A2F918800250858 /* Alarm+CoreDataProperties.swift in Sources */,
				0D5F5E532A2BAC4A00D61A2C /* Alarm_CoreData_CKApp.swift in Sources */,
				0D5F5E662A2BAF6000D61A2C /* AlarmDataModel.xcdatamodeld in Sources */,
				0DF3F11E2A2F918800250858 /* Weekday+CoreDataProperties.swift in Sources */,
				0DF3F1042A2E5BF700250858 /* TimePicker.swift in Sources */,
				0D5F5E732A2D157C00D61A2C /* FormType.swift in Sources */,
				0DF3F1202A2F918800250858 /* AlarmSchedule+CoreDataProperties.swift in Sources */,
				0DF3F10A2A2F857700250858 /* Helpers.swift in Sources */,
				0D5F5E682A2BBF6F00D61A2C /* Alarm+Ext.swift in Sources */,
			);
			runOnlyForDeploymentPostprocessing = 0;
		};
/* End PBXSourcesBuildPhase section */

/* Begin XCBuildConfiguration section */
		0D5F5E5B2A2BAC4B00D61A2C /* Debug */ = {
			isa = XCBuildConfiguration;
			buildSettings = {
				ALWAYS_SEARCH_USER_PATHS = NO;
				CLANG_ANALYZER_NONNULL = YES;
				CLANG_ANALYZER_NUMBER_OBJECT_CONVERSION = YES_AGGRESSIVE;
				CLANG_CXX_LANGUAGE_STANDARD = "gnu++20";
				CLANG_ENABLE_MODULES = YES;
				CLANG_ENABLE_OBJC_ARC = YES;
				CLANG_ENABLE_OBJC_WEAK = YES;
				CLANG_WARN_BLOCK_CAPTURE_AUTORELEASING = YES;
				CLANG_WARN_BOOL_CONVERSION = YES;
				CLANG_WARN_COMMA = YES;
				CLANG_WARN_CONSTANT_CONVERSION = YES;
				CLANG_WARN_DEPRECATED_OBJC_IMPLEMENTATIONS = YES;
				CLANG_WARN_DIRECT_OBJC_ISA_USAGE = YES_ERROR;
				CLANG_WARN_DOCUMENTATION_COMMENTS = YES;
				CLANG_WARN_EMPTY_BODY = YES;
				CLANG_WARN_ENUM_CONVERSION = YES;
				CLANG_WARN_INFINITE_RECURSION = YES;
				CLANG_WARN_INT_CONVERSION = YES;
				CLANG_WARN_NON_LITERAL_NULL_CONVERSION = YES;
				CLANG_WARN_OBJC_IMPLICIT_RETAIN_SELF = YES;
				CLANG_WARN_OBJC_LITERAL_CONVERSION = YES;
				CLANG_WARN_OBJC_ROOT_CLASS = YES_ERROR;
				CLANG_WARN_QUOTED_INCLUDE_IN_FRAMEWORK_HEADER = YES;
				CLANG_WARN_RANGE_LOOP_ANALYSIS = YES;
				CLANG_WARN_STRICT_PROTOTYPES = YES;
				CLANG_WARN_SUSPICIOUS_MOVE = YES;
				CLANG_WARN_UNGUARDED_AVAILABILITY = YES_AGGRESSIVE;
				CLANG_WARN_UNREACHABLE_CODE = YES;
				CLANG_WARN__DUPLICATE_METHOD_MATCH = YES;
				COPY_PHASE_STRIP = NO;
				DEBUG_INFORMATION_FORMAT = dwarf;
				ENABLE_STRICT_OBJC_MSGSEND = YES;
				ENABLE_TESTABILITY = YES;
				GCC_C_LANGUAGE_STANDARD = gnu11;
				GCC_DYNAMIC_NO_PIC = NO;
				GCC_NO_COMMON_BLOCKS = YES;
				GCC_OPTIMIZATION_LEVEL = 0;
				GCC_PREPROCESSOR_DEFINITIONS = (
					"DEBUG=1",
					"$(inherited)",
				);
				GCC_WARN_64_TO_32_BIT_CONVERSION = YES;
				GCC_WARN_ABOUT_RETURN_TYPE = YES_ERROR;
				GCC_WARN_UNDECLARED_SELECTOR = YES;
				GCC_WARN_UNINITIALIZED_AUTOS = YES_AGGRESSIVE;
				GCC_WARN_UNUSED_FUNCTION = YES;
				GCC_WARN_UNUSED_VARIABLE = YES;
				IPHONEOS_DEPLOYMENT_TARGET = 16.1;
				MTL_ENABLE_DEBUG_INFO = INCLUDE_SOURCE;
				MTL_FAST_MATH = YES;
				ONLY_ACTIVE_ARCH = YES;
				SDKROOT = iphoneos;
				SWIFT_ACTIVE_COMPILATION_CONDITIONS = DEBUG;
				SWIFT_OPTIMIZATION_LEVEL = "-Onone";
			};
			name = Debug;
		};
		0D5F5E5C2A2BAC4B00D61A2C /* Release */ = {
			isa = XCBuildConfiguration;
			buildSettings = {
				ALWAYS_SEARCH_USER_PATHS = NO;
				CLANG_ANALYZER_NONNULL = YES;
				CLANG_ANALYZER_NUMBER_OBJECT_CONVERSION = YES_AGGRESSIVE;
				CLANG_CXX_LANGUAGE_STANDARD = "gnu++20";
				CLANG_ENABLE_MODULES = YES;
				CLANG_ENABLE_OBJC_ARC = YES;
				CLANG_ENABLE_OBJC_WEAK = YES;
				CLANG_WARN_BLOCK_CAPTURE_AUTORELEASING = YES;
				CLANG_WARN_BOOL_CONVERSION = YES;
				CLANG_WARN_COMMA = YES;
				CLANG_WARN_CONSTANT_CONVERSION = YES;
				CLANG_WARN_DEPRECATED_OBJC_IMPLEMENTATIONS = YES;
				CLANG_WARN_DIRECT_OBJC_ISA_USAGE = YES_ERROR;
				CLANG_WARN_DOCUMENTATION_COMMENTS = YES;
				CLANG_WARN_EMPTY_BODY = YES;
				CLANG_WARN_ENUM_CONVERSION = YES;
				CLANG_WARN_INFINITE_RECURSION = YES;
				CLANG_WARN_INT_CONVERSION = YES;
				CLANG_WARN_NON_LITERAL_NULL_CONVERSION = YES;
				CLANG_WARN_OBJC_IMPLICIT_RETAIN_SELF = YES;
				CLANG_WARN_OBJC_LITERAL_CONVERSION = YES;
				CLANG_WARN_OBJC_ROOT_CLASS = YES_ERROR;
				CLANG_WARN_QUOTED_INCLUDE_IN_FRAMEWORK_HEADER = YES;
				CLANG_WARN_RANGE_LOOP_ANALYSIS = YES;
				CLANG_WARN_STRICT_PROTOTYPES = YES;
				CLANG_WARN_SUSPICIOUS_MOVE = YES;
				CLANG_WARN_UNGUARDED_AVAILABILITY = YES_AGGRESSIVE;
				CLANG_WARN_UNREACHABLE_CODE = YES;
				CLANG_WARN__DUPLICATE_METHOD_MATCH = YES;
				COPY_PHASE_STRIP = NO;
				DEBUG_INFORMATION_FORMAT = "dwarf-with-dsym";
				ENABLE_NS_ASSERTIONS = NO;
				ENABLE_STRICT_OBJC_MSGSEND = YES;
				GCC_C_LANGUAGE_STANDARD = gnu11;
				GCC_NO_COMMON_BLOCKS = YES;
				GCC_WARN_64_TO_32_BIT_CONVERSION = YES;
				GCC_WARN_ABOUT_RETURN_TYPE = YES_ERROR;
				GCC_WARN_UNDECLARED_SELECTOR = YES;
				GCC_WARN_UNINITIALIZED_AUTOS = YES_AGGRESSIVE;
				GCC_WARN_UNUSED_FUNCTION = YES;
				GCC_WARN_UNUSED_VARIABLE = YES;
				IPHONEOS_DEPLOYMENT_TARGET = 16.1;
				MTL_ENABLE_DEBUG_INFO = NO;
				MTL_FAST_MATH = YES;
				SDKROOT = iphoneos;
				SWIFT_COMPILATION_MODE = wholemodule;
				SWIFT_OPTIMIZATION_LEVEL = "-O";
				VALIDATE_PRODUCT = YES;
			};
			name = Release;
		};
		0D5F5E5E2A2BAC4C00D61A2C /* Debug */ = {
			isa = XCBuildConfiguration;
			buildSettings = {
				ASSETCATALOG_COMPILER_APPICON_NAME = AppIcon;
				ASSETCATALOG_COMPILER_GLOBAL_ACCENT_COLOR_NAME = AccentColor;
				CODE_SIGN_STYLE = Automatic;
				CURRENT_PROJECT_VERSION = 1;
				DEVELOPMENT_ASSET_PATHS = "\"Alarm-CoreData-CK/Preview Content\"";
				DEVELOPMENT_TEAM = 5L2PGYP5GB;
				ENABLE_PREVIEWS = YES;
				GENERATE_INFOPLIST_FILE = YES;
				INFOPLIST_FILE = "Alarm-CoreData-CK/Info.plist";
				INFOPLIST_KEY_UIApplicationSceneManifest_Generation = YES;
				INFOPLIST_KEY_UIApplicationSupportsIndirectInputEvents = YES;
				INFOPLIST_KEY_UILaunchScreen_Generation = YES;
				INFOPLIST_KEY_UISupportedInterfaceOrientations_iPad = "UIInterfaceOrientationPortrait UIInterfaceOrientationPortraitUpsideDown UIInterfaceOrientationLandscapeLeft UIInterfaceOrientationLandscapeRight";
				INFOPLIST_KEY_UISupportedInterfaceOrientations_iPhone = "UIInterfaceOrientationPortrait UIInterfaceOrientationLandscapeLeft UIInterfaceOrientationLandscapeRight";
				LD_RUNPATH_SEARCH_PATHS = (
					"$(inherited)",
					"@executable_path/Frameworks",
				);
				MARKETING_VERSION = 1.0;
				PRODUCT_BUNDLE_IDENTIFIER = "com.james.Alarm-CoreData-CK";
				PRODUCT_NAME = "$(TARGET_NAME)";
				SWIFT_EMIT_LOC_STRINGS = YES;
				SWIFT_VERSION = 5.0;
				TARGETED_DEVICE_FAMILY = "1,2";
			};
			name = Debug;
		};
		0D5F5E5F2A2BAC4C00D61A2C /* Release */ = {
			isa = XCBuildConfiguration;
			buildSettings = {
				ASSETCATALOG_COMPILER_APPICON_NAME = AppIcon;
				ASSETCATALOG_COMPILER_GLOBAL_ACCENT_COLOR_NAME = AccentColor;
				CODE_SIGN_STYLE = Automatic;
				CURRENT_PROJECT_VERSION = 1;
				DEVELOPMENT_ASSET_PATHS = "\"Alarm-CoreData-CK/Preview Content\"";
				DEVELOPMENT_TEAM = 5L2PGYP5GB;
				ENABLE_PREVIEWS = YES;
				GENERATE_INFOPLIST_FILE = YES;
				INFOPLIST_FILE = "Alarm-CoreData-CK/Info.plist";
				INFOPLIST_KEY_UIApplicationSceneManifest_Generation = YES;
				INFOPLIST_KEY_UIApplicationSupportsIndirectInputEvents = YES;
				INFOPLIST_KEY_UILaunchScreen_Generation = YES;
				INFOPLIST_KEY_UISupportedInterfaceOrientations_iPad = "UIInterfaceOrientationPortrait UIInterfaceOrientationPortraitUpsideDown UIInterfaceOrientationLandscapeLeft UIInterfaceOrientationLandscapeRight";
				INFOPLIST_KEY_UISupportedInterfaceOrientations_iPhone = "UIInterfaceOrientationPortrait UIInterfaceOrientationLandscapeLeft UIInterfaceOrientationLandscapeRight";
				LD_RUNPATH_SEARCH_PATHS = (
					"$(inherited)",
					"@executable_path/Frameworks",
				);
				MARKETING_VERSION = 1.0;
				PRODUCT_BUNDLE_IDENTIFIER = "com.james.Alarm-CoreData-CK";
				PRODUCT_NAME = "$(TARGET_NAME)";
				SWIFT_EMIT_LOC_STRINGS = YES;
				SWIFT_VERSION = 5.0;
				TARGETED_DEVICE_FAMILY = "1,2";
			};
			name = Release;
		};
/* End XCBuildConfiguration section */

/* Begin XCConfigurationList section */
		0D5F5E4A2A2BAC4A00D61A2C /* Build configuration list for PBXProject "Alarm-CoreData-CK" */ = {
			isa = XCConfigurationList;
			buildConfigurations = (
				0D5F5E5B2A2BAC4B00D61A2C /* Debug */,
				0D5F5E5C2A2BAC4B00D61A2C /* Release */,
			);
			defaultConfigurationIsVisible = 0;
			defaultConfigurationName = Release;
		};
		0D5F5E5D2A2BAC4C00D61A2C /* Build configuration list for PBXNativeTarget "Alarm-CoreData-CK" */ = {
			isa = XCConfigurationList;
			buildConfigurations = (
				0D5F5E5E2A2BAC4C00D61A2C /* Debug */,
				0D5F5E5F2A2BAC4C00D61A2C /* Release */,
			);
			defaultConfigurationIsVisible = 0;
			defaultConfigurationName = Release;
		};
/* End XCConfigurationList section */

/* Begin XCVersionGroup section */
		0D5F5E642A2BAF6000D61A2C /* AlarmDataModel.xcdatamodeld */ = {
			isa = XCVersionGroup;
			children = (
				0D5F5E652A2BAF6000D61A2C /* AlarmDataModel.xcdatamodel */,
			);
			currentVersion = 0D5F5E652A2BAF6000D61A2C /* AlarmDataModel.xcdatamodel */;
			path = AlarmDataModel.xcdatamodeld;
			sourceTree = "<group>";
			versionGroupType = wrapper.xcdatamodel;
		};
/* End XCVersionGroup section */
	};
	rootObject = 0D5F5E472A2BAC4A00D61A2C /* Project object */;
}
